
Microsoft Visual Studio Solution File, Format Version 12.00
# Visual Studio Version 16
VisualStudioVersion = 16.0.30002.166
MinimumVisualStudioVersion = 10.0.40219.1
Project("{9A19103F-16F7-4668-BE54-9A1E7A4F7556}") = "Base_Project817.Api + Angular", "Base_Project817.Api + Angular\Base_Project817.Api + Angular.csproj", "{7BAE53FE-1C03-4A38-BE11-BF90F15E65B4}"
EndProject
Project("{9A19103F-16F7-4668-BE54-9A1E7A4F7556}") = "Base_Project817.DataAccess", "Base_Project817.DataAccess\Base_Project817.DataAccess.csproj", "{0EC46B9A-9856-4E67-8382-4A8C767BC49D}"
EndProject
Project("{9A19103F-16F7-4668-BE54-9A1E7A4F7556}") = "Base_Project817.Domain", "Base_Project817.Domain\Base_Project817.Domain.csproj", "{15BFFE42-B7E2-45A1-AA3D-EDCC19F01C88}"
EndProject
Project("{FAE04EC0-301F-11D3-BF4B-00C04F79EFBC}") = "Base_Project817.DTO", "Base_Project817.DTO\Base_Project817.DTO.csproj", "{320DB7A6-CF5C-4DA0-9FEF-EA603696A687}"
EndProject
Global
	GlobalSection(SolutionConfigurationPlatforms) = preSolution
		Debug|Any CPU = Debug|Any CPU
		Release|Any CPU = Release|Any CPU
	EndGlobalSection
	GlobalSection(ProjectConfigurationPlatforms) = postSolution
		{7BAE53FE-1C03-4A38-BE11-BF90F15E65B4}.Debug|Any CPU.ActiveCfg = Debug|Any CPU
		{7BAE53FE-1C03-4A38-BE11-BF90F15E65B4}.Debug|Any CPU.Build.0 = Debug|Any CPU
		{7BAE53FE-1C03-4A38-BE11-BF90F15E65B4}.Release|Any CPU.ActiveCfg = Release|Any CPU
		{7BAE53FE-1C03-4A38-BE11-BF90F15E65B4}.Release|Any CPU.Build.0 = Release|Any CPU
		{0EC46B9A-9856-4E67-8382-4A8C767BC49D}.Debug|Any CPU.ActiveCfg = Debug|Any CPU
		{0EC46B9A-9856-4E67-8382-4A8C767BC49D}.Debug|Any CPU.Build.0 = Debug|Any CPU
		{0EC46B9A-9856-4E67-8382-4A8C767BC49D}.Release|Any CPU.ActiveCfg = Release|Any CPU
		{0EC46B9A-9856-4E67-8382-4A8C767BC49D}.Release|Any CPU.Build.0 = Release|Any CPU
		{15BFFE42-B7E2-45A1-AA3D-EDCC19F01C88}.Debug|Any CPU.ActiveCfg = Debug|Any CPU
		{15BFFE42-B7E2-45A1-AA3D-EDCC19F01C88}.Debug|Any CPU.Build.0 = Debug|Any CPU
		{15BFFE42-B7E2-45A1-AA3D-EDCC19F01C88}.Release|Any CPU.ActiveCfg = Release|Any CPU
		{15BFFE42-B7E2-45A1-AA3D-EDCC19F01C88}.Release|Any CPU.Build.0 = Release|Any CPU
		{320DB7A6-CF5C-4DA0-9FEF-EA603696A687}.Debug|Any CPU.ActiveCfg = Debug|Any CPU
		{320DB7A6-CF5C-4DA0-9FEF-EA603696A687}.Debug|Any CPU.Build.0 = Debug|Any CPU
		{320DB7A6-CF5C-4DA0-9FEF-EA603696A687}.Release|Any CPU.ActiveCfg = Release|Any CPU
		{320DB7A6-CF5C-4DA0-9FEF-EA603696A687}.Release|Any CPU.Build.0 = Release|Any CPU
	EndGlobalSection
	GlobalSection(SolutionProperties) = preSolution
		HideSolutionNode = FALSE
	EndGlobalSection
	GlobalSection(ExtensibilityGlobals) = postSolution
		SolutionGuid = {E72DF111-A887-402C-98D8-E95C8A28B1F7}
	EndGlobalSection
EndGlobal
